<?xml version="1.0" encoding="utf-8"?>
<Project ToolsVersion="4.0" xmlns="http://schemas.microsoft.com/developer/msbuild/2003">
  <ItemGroup>
    <Filter Include="Source Files">
      <UniqueIdentifier>{4FC737F1-C7A5-4376-A066-2A32D752A2FF}</UniqueIdentifier>
      <Extensions>cpp;cxx;c;def</Extensions>
    </Filter>
    <Filter Include="Header Files">
      <UniqueIdentifier>{93995380-89BD-4b04-88EB-625FBE52EBFB}</UniqueIdentifier>
      <Extensions>h</Extensions>
    </Filter>
    <Filter Include="Form Files">
      <UniqueIdentifier>{99349809-55BA-4b9d-BF79-8FDBB0286EB3}</UniqueIdentifier>
      <Extensions>ui</Extensions>
    </Filter>
    <Filter Include="Resource Files">
      <UniqueIdentifier>{D9D6E242-F8AF-46E4-B9FD-80ECBC20BA3E}</UniqueIdentifier>
      <Extensions>qrc;*</Extensions>
      <ParseFiles>false</ParseFiles>
    </Filter>
    <Filter Include="Generated Files">
      <UniqueIdentifier>{71ED8ED8-ACB9-4CE9-BBE1-E00B30144E11}</UniqueIdentifier>
      <Extensions>moc;h;cpp</Extensions>
      <SourceControlFiles>False</SourceControlFiles>
    </Filter>
    <Filter Include="Generated Files\Debug">
      <UniqueIdentifier>{7aa62e7d-f9d0-47eb-8e81-dbe6635cdc04}</UniqueIdentifier>
      <Extensions>cpp;moc</Extensions>
      <SourceControlFiles>False</SourceControlFiles>
    </Filter>
    <Filter Include="Generated Files\Release">
      <UniqueIdentifier>{635b64bb-6229-42d9-8fe3-4585a5f1324d}</UniqueIdentifier>
      <Extensions>cpp;moc</Extensions>
      <SourceControlFiles>False</SourceControlFiles>
    </Filter>
    <Filter Include="Global">
      <UniqueIdentifier>{5389f81b-6ec3-4092-8520-da25fe68cb10}</UniqueIdentifier>
    </Filter>
    <Filter Include="Billiards">
      <UniqueIdentifier>{62fc1517-c595-4d95-9d61-7df65106d24d}</UniqueIdentifier>
    </Filter>
    <Filter Include="DbModule">
      <UniqueIdentifier>{c19aeeb7-dee5-4884-8355-8937a3a4b43e}</UniqueIdentifier>
    </Filter>
    <Filter Include="Bill">
      <UniqueIdentifier>{bd74591d-8a63-40a6-a0c7-14d04f3e3a5a}</UniqueIdentifier>
    </Filter>
  </ItemGroup>
  <ItemGroup>
    <ClCompile Include="main.cpp">
      <Filter>Source Files</Filter>
    </ClCompile>
    <ClCompile Include="bms.cpp">
      <Filter>Source Files</Filter>
    </ClCompile>
    <ClCompile Include="GeneratedFiles\Debug\moc_bms.cpp">
      <Filter>Generated Files\Debug</Filter>
    </ClCompile>
    <ClCompile Include="GeneratedFiles\Release\moc_bms.cpp">
      <Filter>Generated Files\Release</Filter>
    </ClCompile>
    <ClCompile Include="GeneratedFiles\qrc_bms.cpp">
      <Filter>Generated Files</Filter>
    </ClCompile>
    <ClCompile Include="Billiards\Billiards.cpp">
      <Filter>Billiards</Filter>
    </ClCompile>
    <ClCompile Include="Billiards\BilliardsManager.cpp">
      <Filter>Billiards</Filter>
    </ClCompile>
    <ClCompile Include="Billiards\BilliardsType.cpp">
      <Filter>Billiards</Filter>
    </ClCompile>
    <ClCompile Include="DbModule\DbExecute.cpp">
      <Filter>DbModule</Filter>
    </ClCompile>
    <ClCompile Include="Billiards\GuiAddBilliardsTable.cpp">
      <Filter>Billiards</Filter>
    </ClCompile>
    <ClCompile Include="GeneratedFiles\Debug\moc_GuiAddBilliardsTable.cpp">
      <Filter>Generated Files\Debug</Filter>
    </ClCompile>
    <ClCompile Include="GeneratedFiles\Release\moc_GuiAddBilliardsTable.cpp">
      <Filter>Generated Files\Release</Filter>
    </ClCompile>
    <ClCompile Include="Billiards\GuiAddBilliardsType.cpp">
      <Filter>Billiards</Filter>
    </ClCompile>
    <ClCompile Include="GeneratedFiles\Debug\moc_GuiAddBilliardsType.cpp">
      <Filter>Generated Files\Debug</Filter>
    </ClCompile>
    <ClCompile Include="GeneratedFiles\Release\moc_GuiAddBilliardsType.cpp">
      <Filter>Generated Files\Release</Filter>
    </ClCompile>
    <ClCompile Include="GeneratedFiles\Debug\moc_GuiBilliardsTable.cpp">
      <Filter>Generated Files\Debug</Filter>
    </ClCompile>
    <ClCompile Include="GeneratedFiles\Release\moc_GuiBilliardsTable.cpp">
      <Filter>Generated Files\Release</Filter>
    </ClCompile>
    <ClCompile Include="Billiards\GuiBilliardsTable.cpp">
      <Filter>Billiards</Filter>
    </ClCompile>
    <ClCompile Include="GeneratedFiles\Debug\moc_GuiPay.cpp">
      <Filter>Generated Files\Debug</Filter>
    </ClCompile>
    <ClCompile Include="GeneratedFiles\Release\moc_GuiPay.cpp">
      <Filter>Generated Files\Release</Filter>
    </ClCompile>
    <ClCompile Include="Bill\GuiPay.cpp">
      <Filter>Bill</Filter>
    </ClCompile>
  </ItemGroup>
  <ItemGroup>
    <CustomBuild Include="bms.h">
      <Filter>Header Files</Filter>
    </CustomBuild>
    <CustomBuild Include="bms.ui">
      <Filter>Form Files</Filter>
    </CustomBuild>
    <CustomBuild Include="bms.qrc">
      <Filter>Resource Files</Filter>
    </CustomBuild>
    <CustomBuild Include="Billiards\GuiAddBilliardsTable.h">
      <Filter>Billiards</Filter>
    </CustomBuild>
    <CustomBuild Include="Billiards\GuiAddBilliardsTable.ui">
      <Filter>Billiards</Filter>
    </CustomBuild>
    <CustomBuild Include="Billiards\GuiAddBilliardsType.h">
      <Filter>Billiards</Filter>
    </CustomBuild>
    <CustomBuild Include="Billiards\GuiAddBilliardsType.ui">
      <Filter>Billiards</Filter>
    </CustomBuild>
    <CustomBuild Include="Billiards\GuiBilliardsTable.ui">
      <Filter>Billiards</Filter>
    </CustomBuild>
    <CustomBuild Include="Billiards\GuiBilliardsTable.h">
      <Filter>Billiards</Filter>
    </CustomBuild>
    <CustomBuild Include="Bill\GuiPay.ui">
      <Filter>Bill</Filter>
    </CustomBuild>
    <CustomBuild Include="Bill\GuiPay.h">
      <Filter>Bill</Filter>
    </CustomBuild>
  </ItemGroup>
  <ItemGroup>
    <ClInclude Include="GeneratedFiles\ui_bms.h">
      <Filter>Generated Files</Filter>
    </ClInclude>
    <ClInclude Include="Global\GlobalDefine.h">
      <Filter>Global</Filter>
    </ClInclude>
    <ClInclude Include="Billiards\Billiards.h">
      <Filter>Billiards</Filter>
    </ClInclude>
    <ClInclude Include="Billiards\BilliardsManager.h">
      <Filter>Billiards</Filter>
    </ClInclude>
    <ClInclude Include="Billiards\BilliardsType.h">
      <Filter>Billiards</Filter>
    </ClInclude>
    <ClInclude Include="DbModule\DbExecute.h">
      <Filter>DbModule</Filter>
    </ClInclude>
    <ClInclude Include="GeneratedFiles\ui_GuiAddBilliardsTable.h">
      <Filter>Generated Files</Filter>
    </ClInclude>
    <ClInclude Include="GeneratedFiles\ui_GuiAddBilliardsType.h">
      <Filter>Generated Files</Filter>
    </ClInclude>
    <ClInclude Include="GeneratedFiles\ui_GuiBilliardsTable.h">
      <Filter>Generated Files</Filter>
    </ClInclude>
    <ClInclude Include="GeneratedFiles\ui_GuiPay.h">
      <Filter>Generated Files</Filter>
    </ClInclude>
  </ItemGroup>
  <ItemGroup>
    <ResourceCompile Include="BMS.rc" />
  </ItemGroup>
</Project>